Microsoft Visual Studio Solution File, Format Version 11.00
# Visual Studio 2008

Project("{67FE2354-41CF-ED8F-FEF2-8313B2B1A609}") = "DungeonEater", "Assembly-CSharp-firstpass-vs.csproj", "{DDD1B83F-C673-F23F-2FD0-2EEAA6ACDFE3}"
EndProject
Project("{67FE2354-41CF-ED8F-FEF2-8313B2B1A609}") = "DungeonEater", "Assembly-CSharp-vs.csproj", "{C8ADE5AC-B29F-D70E-4714-DDB0378CFAC3}"
EndProject
Project("{67FE2354-41CF-ED8F-FEF2-8313B2B1A609}") = "DungeonEater", "Assembly-CSharp-Editor-vs.csproj", "{746D9977-9E24-B52B-01DE-A905DCE91DF6}"
EndProject
Global
	GlobalSection(SolutionConfigurationPlatforms) = preSolution
		Debug|Any CPU = Debug|Any CPU
		Release|Any CPU = Release|Any CPU
	EndGlobalSection
	GlobalSection(ProjectConfigurationPlatforms) = postSolution
		{DDD1B83F-C673-F23F-2FD0-2EEAA6ACDFE3}.Debug|Any CPU.ActiveCfg = Debug|Any CPU
		{DDD1B83F-C673-F23F-2FD0-2EEAA6ACDFE3}.Debug|Any CPU.Build.0 = Debug|Any CPU
		{DDD1B83F-C673-F23F-2FD0-2EEAA6ACDFE3}.Release|Any CPU.ActiveCfg = Release|Any CPU
		{DDD1B83F-C673-F23F-2FD0-2EEAA6ACDFE3}.Release|Any CPU.Build.0 = Release|Any CPU
		{C8ADE5AC-B29F-D70E-4714-DDB0378CFAC3}.Debug|Any CPU.ActiveCfg = Debug|Any CPU
		{C8ADE5AC-B29F-D70E-4714-DDB0378CFAC3}.Debug|Any CPU.Build.0 = Debug|Any CPU
		{C8ADE5AC-B29F-D70E-4714-DDB0378CFAC3}.Release|Any CPU.ActiveCfg = Release|Any CPU
		{C8ADE5AC-B29F-D70E-4714-DDB0378CFAC3}.Release|Any CPU.Build.0 = Release|Any CPU
		{746D9977-9E24-B52B-01DE-A905DCE91DF6}.Debug|Any CPU.ActiveCfg = Debug|Any CPU
		{746D9977-9E24-B52B-01DE-A905DCE91DF6}.Debug|Any CPU.Build.0 = Debug|Any CPU
		{746D9977-9E24-B52B-01DE-A905DCE91DF6}.Release|Any CPU.ActiveCfg = Release|Any CPU
		{746D9977-9E24-B52B-01DE-A905DCE91DF6}.Release|Any CPU.Build.0 = Release|Any CPU
	EndGlobalSection
	GlobalSection(SolutionProperties) = preSolution
		HideSolutionNode = FALSE
	EndGlobalSection
																GlobalSection(MonoDevelopProperties) = preSolution
		StartupItem = Assembly-CSharp.csproj
		Policies = $0
		$0.TextStylePolicy = $1
		$1.inheritsSet = null
		$1.scope = text/x-csharp
		$0.CSharpFormattingPolicy = $2
		$2.inheritsSet = Mono
		$2.inheritsScope = text/x-csharp
		$2.scope = text/x-csharp
		$0.TextStylePolicy = $3
		$3.FileWidth = 120
		$3.TabWidth = 4
		$3.EolMarker = Unix
		$3.inheritsSet = Mono
		$3.inheritsScope = text/plain
		$3.scope = text/plain
	EndGlobalSection

EndGlobal
