Microsoft Visual Studio Solution File, Format Version 11.00
# Visual Studio 2008

Project("{368FE771-261F-CB18-F798-8833C9294A20}") = "Tutorial", "Assembly-CSharp-vs.csproj", "{2E6525CD-FF2F-3D98-BFB0-971CC7B33E07}"
EndProject
Global
	GlobalSection(SolutionConfigurationPlatforms) = preSolution
		Debug|Any CPU = Debug|Any CPU
		Release|Any CPU = Release|Any CPU
	EndGlobalSection
	GlobalSection(ProjectConfigurationPlatforms) = postSolution
		{2E6525CD-FF2F-3D98-BFB0-971CC7B33E07}.Debug|Any CPU.ActiveCfg = Debug|Any CPU
		{2E6525CD-FF2F-3D98-BFB0-971CC7B33E07}.Debug|Any CPU.Build.0 = Debug|Any CPU
		{2E6525CD-FF2F-3D98-BFB0-971CC7B33E07}.Release|Any CPU.ActiveCfg = Release|Any CPU
		{2E6525CD-FF2F-3D98-BFB0-971CC7B33E07}.Release|Any CPU.Build.0 = Release|Any CPU
	EndGlobalSection
	GlobalSection(SolutionProperties) = preSolution
		HideSolutionNode = FALSE
	EndGlobalSection
																	GlobalSection(MonoDevelopProperties) = preSolution
		StartupItem = Assembly-CSharp.csproj
		Policies = $0
		$0.TextStylePolicy = $1
		$1.inheritsSet = null
		$1.scope = text/x-csharp
		$0.CSharpFormattingPolicy = $2
		$2.inheritsSet = Mono
		$2.inheritsScope = text/x-csharp
		$2.scope = text/x-csharp
		$0.TextStylePolicy = $3
		$3.FileWidth = 120
		$3.TabWidth = 4
		$3.EolMarker = Unix
		$3.inheritsSet = Mono
		$3.inheritsScope = text/plain
		$3.scope = text/plain
	EndGlobalSection

EndGlobal
